// !$*UTF8*$!
{
	archiveVersion = 1;
	classes = {
	};
	objectVersion = 56;
	objects = {

/* Begin PBXBuildFile section */
		F78132812A78BF2000F77430 /* ViewLurkerApp.swift in Sources */ = {isa = PBXBuildFile; fileRef = F78132802A78BF2000F77430 /* ViewLurkerApp.swift */; };
		F78132852A78BF2600F77430 /* Assets.xcassets in Resources */ = {isa = PBXBuildFile; fileRef = F78132842A78BF2600F77430 /* Assets.xcassets */; };
		F78132882A78BF2600F77430 /* Preview Assets.xcassets in Resources */ = {isa = PBXBuildFile; fileRef = F78132872A78BF2600F77430 /* Preview Assets.xcassets */; };
		F78132922A78BF2700F77430 /* ViewLurkerTests.swift in Sources */ = {isa = PBXBuildFile; fileRef = F78132912A78BF2700F77430 /* ViewLurkerTests.swift */; };
		F781329C2A78BF2700F77430 /* ViewLurkerUITests.swift in Sources */ = {isa = PBXBuildFile; fileRef = F781329B2A78BF2700F77430 /* ViewLurkerUITests.swift */; };
		F781329E2A78BF2700F77430 /* ViewLurkerUITestsLaunchTests.swift in Sources */ = {isa = PBXBuildFile; fileRef = F781329D2A78BF2700F77430 /* ViewLurkerUITestsLaunchTests.swift */; };
		F78132B32A78C8C900F77430 /* Destination.swift in Sources */ = {isa = PBXBuildFile; fileRef = F78132B22A78C8C900F77430 /* Destination.swift */; };
		F78132B52A78C8E300F77430 /* DataModel.swift in Sources */ = {isa = PBXBuildFile; fileRef = F78132B42A78C8E300F77430 /* DataModel.swift */; };
		F78132B72A78C90900F77430 /* IOSCameraView.swift in Sources */ = {isa = PBXBuildFile; fileRef = F78132B62A78C90900F77430 /* IOSCameraView.swift */; };
		F78132B92A78C94C00F77430 /* WelcomeView.swift in Sources */ = {isa = PBXBuildFile; fileRef = F78132B82A78C94C00F77430 /* WelcomeView.swift */; };
		F78132BB2A78C99500F77430 /* Welcome-background.mp4 in Resources */ = {isa = PBXBuildFile; fileRef = F78132BA2A78C99500F77430 /* Welcome-background.mp4 */; };
		F78132BD2A78C9B600F77430 /* LoopingBackground.swift in Sources */ = {isa = PBXBuildFile; fileRef = F78132BC2A78C9B600F77430 /* LoopingBackground.swift */; };
		F78132BF2A78C9FA00F77430 /* ListView.swift in Sources */ = {isa = PBXBuildFile; fileRef = F78132BE2A78C9FA00F77430 /* ListView.swift */; };
		F78132C12A78CA2D00F77430 /* DestinationRowView.swift in Sources */ = {isa = PBXBuildFile; fileRef = F78132C02A78CA2D00F77430 /* DestinationRowView.swift */; };
		F78132C22A78CB8B00F77430 /* destinations.json in Resources */ = {isa = PBXBuildFile; fileRef = F78132AF2A78C72500F77430 /* destinations.json */; };
		F78A890E2A791F2100AC2927 /* RatingView.swift in Sources */ = {isa = PBXBuildFile; fileRef = F78A890D2A791F2100AC2927 /* RatingView.swift */; };
		F78A89162A7B8A3000AC2927 /* DetailView.swift in Sources */ = {isa = PBXBuildFile; fileRef = F78A89152A7B8A3000AC2927 /* DetailView.swift */; };
		F78A891A2A7BE50500AC2927 /* nhathoducba1@1x.png in Resources */ = {isa = PBXBuildFile; fileRef = F78A89172A7BE50500AC2927 /* nhathoducba1@1x.png */; };
		F78A891B2A7BE50500AC2927 /* nhathoducba1@2x.png in Resources */ = {isa = PBXBuildFile; fileRef = F78A89182A7BE50500AC2927 /* nhathoducba1@2x.png */; };
		F78A891C2A7BE50500AC2927 /* nhathoducba1@3x.png in Resources */ = {isa = PBXBuildFile; fileRef = F78A89192A7BE50500AC2927 /* nhathoducba1@3x.png */; };
		F78A891E2A7CF1F400AC2927 /* MapView.swift in Sources */ = {isa = PBXBuildFile; fileRef = F78A891D2A7CF1F400AC2927 /* MapView.swift */; };
		F78A89202A7D52BD00AC2927 /* profile.jpeg in Resources */ = {isa = PBXBuildFile; fileRef = F78A891F2A7D52BC00AC2927 /* profile.jpeg */; };
/* End PBXBuildFile section */

/* Begin PBXContainerItemProxy section */
		F781328E2A78BF2700F77430 /* PBXContainerItemProxy */ = {
			isa = PBXContainerItemProxy;
			containerPortal = F78132752A78BF2000F77430 /* Project object */;
			proxyType = 1;
			remoteGlobalIDString = F781327C2A78BF2000F77430;
			remoteInfo = ViewLurker;
		};
		F78132982A78BF2700F77430 /* PBXContainerItemProxy */ = {
			isa = PBXContainerItemProxy;
			containerPortal = F78132752A78BF2000F77430 /* Project object */;
			proxyType = 1;
			remoteGlobalIDString = F781327C2A78BF2000F77430;
			remoteInfo = ViewLurker;
		};
/* End PBXContainerItemProxy section */

/* Begin PBXFileReference section */
		F781327D2A78BF2000F77430 /* ViewLurker.app */ = {isa = PBXFileReference; explicitFileType = wrapper.application; includeInIndex = 0; path = ViewLurker.app; sourceTree = BUILT_PRODUCTS_DIR; };
		F78132802A78BF2000F77430 /* ViewLurkerApp.swift */ = {isa = PBXFileReference; lastKnownFileType = sourcecode.swift; path = ViewLurkerApp.swift; sourceTree = "<group>"; };
		F78132842A78BF2600F77430 /* Assets.xcassets */ = {isa = PBXFileReference; lastKnownFileType = folder.assetcatalog; path = Assets.xcassets; sourceTree = "<group>"; };
		F78132872A78BF2600F77430 /* Preview Assets.xcassets */ = {isa = PBXFileReference; lastKnownFileType = folder.assetcatalog; path = "Preview Assets.xcassets"; sourceTree = "<group>"; };
		F781328D2A78BF2700F77430 /* ViewLurkerTests.xctest */ = {isa = PBXFileReference; explicitFileType = wrapper.cfbundle; includeInIndex = 0; path = ViewLurkerTests.xctest; sourceTree = BUILT_PRODUCTS_DIR; };
		F78132912A78BF2700F77430 /* ViewLurkerTests.swift */ = {isa = PBXFileReference; lastKnownFileType = sourcecode.swift; path = ViewLurkerTests.swift; sourceTree = "<group>"; };
		F78132972A78BF2700F77430 /* ViewLurkerUITests.xctest */ = {isa = PBXFileReference; explicitFileType = wrapper.cfbundle; includeInIndex = 0; path = ViewLurkerUITests.xctest; sourceTree = BUILT_PRODUCTS_DIR; };
		F781329B2A78BF2700F77430 /* ViewLurkerUITests.swift */ = {isa = PBXFileReference; lastKnownFileType = sourcecode.swift; path = ViewLurkerUITests.swift; sourceTree = "<group>"; };
		F781329D2A78BF2700F77430 /* ViewLurkerUITestsLaunchTests.swift */ = {isa = PBXFileReference; lastKnownFileType = sourcecode.swift; path = ViewLurkerUITestsLaunchTests.swift; sourceTree = "<group>"; };
		F78132AF2A78C72500F77430 /* destinations.json */ = {isa = PBXFileReference; lastKnownFileType = text.json; path = destinations.json; sourceTree = "<group>"; };
		F78132B22A78C8C900F77430 /* Destination.swift */ = {isa = PBXFileReference; lastKnownFileType = sourcecode.swift; path = Destination.swift; sourceTree = "<group>"; };
		F78132B42A78C8E300F77430 /* DataModel.swift */ = {isa = PBXFileReference; lastKnownFileType = sourcecode.swift; path = DataModel.swift; sourceTree = "<group>"; };
		F78132B62A78C90900F77430 /* IOSCameraView.swift */ = {isa = PBXFileReference; lastKnownFileType = sourcecode.swift; path = IOSCameraView.swift; sourceTree = "<group>"; };
		F78132B82A78C94C00F77430 /* WelcomeView.swift */ = {isa = PBXFileReference; lastKnownFileType = sourcecode.swift; path = WelcomeView.swift; sourceTree = "<group>"; };
		F78132BA2A78C99500F77430 /* Welcome-background.mp4 */ = {isa = PBXFileReference; lastKnownFileType = file; name = "Welcome-background.mp4"; path = "../../../../../Downloads/Welcome-background.mp4"; sourceTree = "<group>"; };
		F78132BC2A78C9B600F77430 /* LoopingBackground.swift */ = {isa = PBXFileReference; lastKnownFileType = sourcecode.swift; path = LoopingBackground.swift; sourceTree = "<group>"; };
		F78132BE2A78C9FA00F77430 /* ListView.swift */ = {isa = PBXFileReference; lastKnownFileType = sourcecode.swift; path = ListView.swift; sourceTree = "<group>"; };
		F78132C02A78CA2D00F77430 /* DestinationRowView.swift */ = {isa = PBXFileReference; lastKnownFileType = sourcecode.swift; path = DestinationRowView.swift; sourceTree = "<group>"; };
		F78A890D2A791F2100AC2927 /* RatingView.swift */ = {isa = PBXFileReference; lastKnownFileType = sourcecode.swift; path = RatingView.swift; sourceTree = "<group>"; };
		F78A89152A7B8A3000AC2927 /* DetailView.swift */ = {isa = PBXFileReference; lastKnownFileType = sourcecode.swift; path = DetailView.swift; sourceTree = "<group>"; };
		F78A89172A7BE50500AC2927 /* nhathoducba1@1x.png */ = {isa = PBXFileReference; lastKnownFileType = image.png; name = "nhathoducba1@1x.png"; path = "../../../../../Downloads/iOS Image 2/nhathoducba1@1x.png"; sourceTree = "<group>"; };
		F78A89182A7BE50500AC2927 /* nhathoducba1@2x.png */ = {isa = PBXFileReference; lastKnownFileType = image.png; name = "nhathoducba1@2x.png"; path = "../../../../../Downloads/iOS Image 2/nhathoducba1@2x.png"; sourceTree = "<group>"; };
		F78A89192A7BE50500AC2927 /* nhathoducba1@3x.png */ = {isa = PBXFileReference; lastKnownFileType = image.png; name = "nhathoducba1@3x.png"; path = "../../../../../Downloads/iOS Image 2/nhathoducba1@3x.png"; sourceTree = "<group>"; };
		F78A891D2A7CF1F400AC2927 /* MapView.swift */ = {isa = PBXFileReference; lastKnownFileType = sourcecode.swift; path = MapView.swift; sourceTree = "<group>"; };
		F78A891F2A7D52BC00AC2927 /* profile.jpeg */ = {isa = PBXFileReference; lastKnownFileType = image.jpeg; name = profile.jpeg; path = "../../../../App logo/profile.jpeg"; sourceTree = "<group>"; };
/* End PBXFileReference section */

/* Begin PBXFrameworksBuildPhase section */
		F781327A2A78BF2000F77430 /* Frameworks */ = {
			isa = PBXFrameworksBuildPhase;
			buildActionMask = 2147483647;
			files = (
			);
			runOnlyForDeploymentPostprocessing = 0;
		};
		F781328A2A78BF2700F77430 /* Frameworks */ = {
			isa = PBXFrameworksBuildPhase;
			buildActionMask = 2147483647;
			files = (
			);
			runOnlyForDeploymentPostprocessing = 0;
		};
		F78132942A78BF2700F77430 /* Frameworks */ = {
			isa = PBXFrameworksBuildPhase;
			buildActionMask = 2147483647;
			files = (
			);
			runOnlyForDeploymentPostprocessing = 0;
		};
/* End PBXFrameworksBuildPhase section */

/* Begin PBXGroup section */
		F78132742A78BF2000F77430 = {
			isa = PBXGroup;
			children = (
				F781327F2A78BF2000F77430 /* ViewLurker */,
				F78132902A78BF2700F77430 /* ViewLurkerTests */,
				F781329A2A78BF2700F77430 /* ViewLurkerUITests */,
				F781327E2A78BF2000F77430 /* Products */,
			);
			sourceTree = "<group>";
		};
		F781327E2A78BF2000F77430 /* Products */ = {
			isa = PBXGroup;
			children = (
				F781327D2A78BF2000F77430 /* ViewLurker.app */,
				F781328D2A78BF2700F77430 /* ViewLurkerTests.xctest */,
				F78132972A78BF2700F77430 /* ViewLurkerUITests.xctest */,
			);
			name = Products;
			sourceTree = "<group>";
		};
		F781327F2A78BF2000F77430 /* ViewLurker */ = {
			isa = PBXGroup;
			children = (
				F78132802A78BF2000F77430 /* ViewLurkerApp.swift */,
				F78132B12A78C8A300F77430 /* Assets */,
				F78132AA2A78C65D00F77430 /* Views */,
				F78132AB2A78C67500F77430 /* DataModels */,
				F78132842A78BF2600F77430 /* Assets.xcassets */,
				F78132862A78BF2600F77430 /* Preview Content */,
			);
			path = ViewLurker;
			sourceTree = "<group>";
		};
		F78132862A78BF2600F77430 /* Preview Content */ = {
			isa = PBXGroup;
			children = (
				F78132872A78BF2600F77430 /* Preview Assets.xcassets */,
			);
			path = "Preview Content";
			sourceTree = "<group>";
		};
		F78132902A78BF2700F77430 /* ViewLurkerTests */ = {
			isa = PBXGroup;
			children = (
				F78132912A78BF2700F77430 /* ViewLurkerTests.swift */,
			);
			path = ViewLurkerTests;
			sourceTree = "<group>";
		};
		F781329A2A78BF2700F77430 /* ViewLurkerUITests */ = {
			isa = PBXGroup;
			children = (
				F781329B2A78BF2700F77430 /* ViewLurkerUITests.swift */,
				F781329D2A78BF2700F77430 /* ViewLurkerUITestsLaunchTests.swift */,
			);
			path = ViewLurkerUITests;
			sourceTree = "<group>";
		};
		F78132AA2A78C65D00F77430 /* Views */ = {
			isa = PBXGroup;
			children = (
				F78132AE2A78C6E500F77430 /* DetailView */,
				F78132AC2A78C6C300F77430 /* ListView */,
				F78132AD2A78C6D200F77430 /* WelcomeView */,
			);
			path = Views;
			sourceTree = "<group>";
		};
		F78132AB2A78C67500F77430 /* DataModels */ = {
			isa = PBXGroup;
			children = (
				F78132AF2A78C72500F77430 /* destinations.json */,
				F78132B22A78C8C900F77430 /* Destination.swift */,
				F78132B42A78C8E300F77430 /* DataModel.swift */,
			);
			path = DataModels;
			sourceTree = "<group>";
		};
		F78132AC2A78C6C300F77430 /* ListView */ = {
			isa = PBXGroup;
			children = (
				F78132BE2A78C9FA00F77430 /* ListView.swift */,
				F78132C02A78CA2D00F77430 /* DestinationRowView.swift */,
				F78A890D2A791F2100AC2927 /* RatingView.swift */,
			);
			path = ListView;
			sourceTree = "<group>";
		};
		F78132AD2A78C6D200F77430 /* WelcomeView */ = {
			isa = PBXGroup;
			children = (
				F78132B82A78C94C00F77430 /* WelcomeView.swift */,
				F78132B62A78C90900F77430 /* IOSCameraView.swift */,
				F78132BC2A78C9B600F77430 /* LoopingBackground.swift */,
			);
			path = WelcomeView;
			sourceTree = "<group>";
		};
		F78132AE2A78C6E500F77430 /* DetailView */ = {
			isa = PBXGroup;
			children = (
				F78A89152A7B8A3000AC2927 /* DetailView.swift */,
				F78A891D2A7CF1F400AC2927 /* MapView.swift */,
			);
			path = DetailView;
			sourceTree = "<group>";
		};
		F78132B12A78C8A300F77430 /* Assets */ = {
			isa = PBXGroup;
			children = (
				F78A891F2A7D52BC00AC2927 /* profile.jpeg */,
				F78A89172A7BE50500AC2927 /* nhathoducba1@1x.png */,
				F78A89182A7BE50500AC2927 /* nhathoducba1@2x.png */,
				F78A89192A7BE50500AC2927 /* nhathoducba1@3x.png */,
				F78132BA2A78C99500F77430 /* Welcome-background.mp4 */,
			);
			path = Assets;
			sourceTree = "<group>";
		};
/* End PBXGroup section */

/* Begin PBXNativeTarget section */
		F781327C2A78BF2000F77430 /* ViewLurker */ = {
			isa = PBXNativeTarget;
			buildConfigurationList = F78132A12A78BF2700F77430 /* Build configuration list for PBXNativeTarget "ViewLurker" */;
			buildPhases = (
				F78132792A78BF2000F77430 /* Sources */,
				F781327A2A78BF2000F77430 /* Frameworks */,
				F781327B2A78BF2000F77430 /* Resources */,
			);
			buildRules = (
			);
			dependencies = (
			);
			name = ViewLurker;
			productName = ViewLurker;
			productReference = F781327D2A78BF2000F77430 /* ViewLurker.app */;
			productType = "com.apple.product-type.application";
		};
		F781328C2A78BF2700F77430 /* ViewLurkerTests */ = {
			isa = PBXNativeTarget;
			buildConfigurationList = F78132A42A78BF2700F77430 /* Build configuration list for PBXNativeTarget "ViewLurkerTests" */;
			buildPhases = (
				F78132892A78BF2700F77430 /* Sources */,
				F781328A2A78BF2700F77430 /* Frameworks */,
				F781328B2A78BF2700F77430 /* Resources */,
			);
			buildRules = (
			);
			dependencies = (
				F781328F2A78BF2700F77430 /* PBXTargetDependency */,
			);
			name = ViewLurkerTests;
			productName = ViewLurkerTests;
			productReference = F781328D2A78BF2700F77430 /* ViewLurkerTests.xctest */;
			productType = "com.apple.product-type.bundle.unit-test";
		};
		F78132962A78BF2700F77430 /* ViewLurkerUITests */ = {
			isa = PBXNativeTarget;
			buildConfigurationList = F78132A72A78BF2700F77430 /* Build configuration list for PBXNativeTarget "ViewLurkerUITests" */;
			buildPhases = (
				F78132932A78BF2700F77430 /* Sources */,
				F78132942A78BF2700F77430 /* Frameworks */,
				F78132952A78BF2700F77430 /* Resources */,
			);
			buildRules = (
			);
			dependencies = (
				F78132992A78BF2700F77430 /* PBXTargetDependency */,
			);
			name = ViewLurkerUITests;
			productName = ViewLurkerUITests;
			productReference = F78132972A78BF2700F77430 /* ViewLurkerUITests.xctest */;
			productType = "com.apple.product-type.bundle.ui-testing";
		};
/* End PBXNativeTarget section */

/* Begin PBXProject section */
		F78132752A78BF2000F77430 /* Project object */ = {
			isa = PBXProject;
			attributes = {
				BuildIndependentTargetsInParallel = 1;
				LastSwiftUpdateCheck = 1430;
				LastUpgradeCheck = 1430;
				TargetAttributes = {
					F781327C2A78BF2000F77430 = {
						CreatedOnToolsVersion = 14.3.1;
					};
					F781328C2A78BF2700F77430 = {
						CreatedOnToolsVersion = 14.3.1;
						TestTargetID = F781327C2A78BF2000F77430;
					};
					F78132962A78BF2700F77430 = {
						CreatedOnToolsVersion = 14.3.1;
						TestTargetID = F781327C2A78BF2000F77430;
					};
				};
			};
			buildConfigurationList = F78132782A78BF2000F77430 /* Build configuration list for PBXProject "ViewLurker" */;
			compatibilityVersion = "Xcode 14.0";
			developmentRegion = en;
			hasScannedForEncodings = 0;
			knownRegions = (
				en,
				Base,
			);
			mainGroup = F78132742A78BF2000F77430;
			productRefGroup = F781327E2A78BF2000F77430 /* Products */;
			projectDirPath = "";
			projectRoot = "";
			targets = (
				F781327C2A78BF2000F77430 /* ViewLurker */,
				F781328C2A78BF2700F77430 /* ViewLurkerTests */,
				F78132962A78BF2700F77430 /* ViewLurkerUITests */,
			);
		};
/* End PBXProject section */

/* Begin PBXResourcesBuildPhase section */
		F781327B2A78BF2000F77430 /* Resources */ = {
			isa = PBXResourcesBuildPhase;
			buildActionMask = 2147483647;
			files = (
				F78132C22A78CB8B00F77430 /* destinations.json in Resources */,
				F78A89202A7D52BD00AC2927 /* profile.jpeg in Resources */,
				F78A891C2A7BE50500AC2927 /* nhathoducba1@3x.png in Resources */,
				F78A891A2A7BE50500AC2927 /* nhathoducba1@1x.png in Resources */,
				F78A891B2A7BE50500AC2927 /* nhathoducba1@2x.png in Resources */,
				F78132BB2A78C99500F77430 /* Welcome-background.mp4 in Resources */,
				F78132882A78BF2600F77430 /* Preview Assets.xcassets in Resources */,
				F78132852A78BF2600F77430 /* Assets.xcassets in Resources */,
			);
			runOnlyForDeploymentPostprocessing = 0;
		};
		F781328B2A78BF2700F77430 /* Resources */ = {
			isa = PBXResourcesBuildPhase;
			buildActionMask = 2147483647;
			files = (
			);
			runOnlyForDeploymentPostprocessing = 0;
		};
		F78132952A78BF2700F77430 /* Resources */ = {
			isa = PBXResourcesBuildPhase;
			buildActionMask = 2147483647;
			files = (
			);
			runOnlyForDeploymentPostprocessing = 0;
		};
/* End PBXResourcesBuildPhase section */

/* Begin PBXSourcesBuildPhase section */
		F78132792A78BF2000F77430 /* Sources */ = {
			isa = PBXSourcesBuildPhase;
			buildActionMask = 2147483647;
			files = (
				F78132B52A78C8E300F77430 /* DataModel.swift in Sources */,
				F78A89162A7B8A3000AC2927 /* DetailView.swift in Sources */,
				F78132BD2A78C9B600F77430 /* LoopingBackground.swift in Sources */,
				F78A891E2A7CF1F400AC2927 /* MapView.swift in Sources */,
				F78132B32A78C8C900F77430 /* Destination.swift in Sources */,
				F78A890E2A791F2100AC2927 /* RatingView.swift in Sources */,
				F78132B72A78C90900F77430 /* IOSCameraView.swift in Sources */,
				F78132812A78BF2000F77430 /* ViewLurkerApp.swift in Sources */,
				F78132C12A78CA2D00F77430 /* DestinationRowView.swift in Sources */,
				F78132B92A78C94C00F77430 /* WelcomeView.swift in Sources */,
				F78132BF2A78C9FA00F77430 /* ListView.swift in Sources */,
			);
			runOnlyForDeploymentPostprocessing = 0;
		};
		F78132892A78BF2700F77430 /* Sources */ = {
			isa = PBXSourcesBuildPhase;
			buildActionMask = 2147483647;
			files = (
				F78132922A78BF2700F77430 /* ViewLurkerTests.swift in Sources */,
			);
			runOnlyForDeploymentPostprocessing = 0;
		};
		F78132932A78BF2700F77430 /* Sources */ = {
			isa = PBXSourcesBuildPhase;
			buildActionMask = 2147483647;
			files = (
				F781329E2A78BF2700F77430 /* ViewLurkerUITestsLaunchTests.swift in Sources */,
				F781329C2A78BF2700F77430 /* ViewLurkerUITests.swift in Sources */,
			);
			runOnlyForDeploymentPostprocessing = 0;
		};
/* End PBXSourcesBuildPhase section */

/* Begin PBXTargetDependency section */
		F781328F2A78BF2700F77430 /* PBXTargetDependency */ = {
			isa = PBXTargetDependency;
			target = F781327C2A78BF2000F77430 /* ViewLurker */;
			targetProxy = F781328E2A78BF2700F77430 /* PBXContainerItemProxy */;
		};
		F78132992A78BF2700F77430 /* PBXTargetDependency */ = {
			isa = PBXTargetDependency;
			target = F781327C2A78BF2000F77430 /* ViewLurker */;
			targetProxy = F78132982A78BF2700F77430 /* PBXContainerItemProxy */;
		};
/* End PBXTargetDependency section */

/* Begin XCBuildConfiguration section */
		F781329F2A78BF2700F77430 /* Debug */ = {
			isa = XCBuildConfiguration;
			buildSettings = {
				ALWAYS_SEARCH_USER_PATHS = NO;
				CLANG_ANALYZER_NONNULL = YES;
				CLANG_ANALYZER_NUMBER_OBJECT_CONVERSION = YES_AGGRESSIVE;
				CLANG_CXX_LANGUAGE_STANDARD = "gnu++20";
				CLANG_ENABLE_MODULES = YES;
				CLANG_ENABLE_OBJC_ARC = YES;
				CLANG_ENABLE_OBJC_WEAK = YES;
				CLANG_WARN_BLOCK_CAPTURE_AUTORELEASING = YES;
				CLANG_WARN_BOOL_CONVERSION = YES;
				CLANG_WARN_COMMA = YES;
				CLANG_WARN_CONSTANT_CONVERSION = YES;
				CLANG_WARN_DEPRECATED_OBJC_IMPLEMENTATIONS = YES;
				CLANG_WARN_DIRECT_OBJC_ISA_USAGE = YES_ERROR;
				CLANG_WARN_DOCUMENTATION_COMMENTS = YES;
				CLANG_WARN_EMPTY_BODY = YES;
				CLANG_WARN_ENUM_CONVERSION = YES;
				CLANG_WARN_INFINITE_RECURSION = YES;
				CLANG_WARN_INT_CONVERSION = YES;
				CLANG_WARN_NON_LITERAL_NULL_CONVERSION = YES;
				CLANG_WARN_OBJC_IMPLICIT_RETAIN_SELF = YES;
				CLANG_WARN_OBJC_LITERAL_CONVERSION = YES;
				CLANG_WARN_OBJC_ROOT_CLASS = YES_ERROR;
				CLANG_WARN_QUOTED_INCLUDE_IN_FRAMEWORK_HEADER = YES;
				CLANG_WARN_RANGE_LOOP_ANALYSIS = YES;
				CLANG_WARN_STRICT_PROTOTYPES = YES;
				CLANG_WARN_SUSPICIOUS_MOVE = YES;
				CLANG_WARN_UNGUARDED_AVAILABILITY = YES_AGGRESSIVE;
				CLANG_WARN_UNREACHABLE_CODE = YES;
				CLANG_WARN__DUPLICATE_METHOD_MATCH = YES;
				COPY_PHASE_STRIP = NO;
				DEBUG_INFORMATION_FORMAT = dwarf;
				ENABLE_STRICT_OBJC_MSGSEND = YES;
				ENABLE_TESTABILITY = YES;
				GCC_C_LANGUAGE_STANDARD = gnu11;
				GCC_DYNAMIC_NO_PIC = NO;
				GCC_NO_COMMON_BLOCKS = YES;
				GCC_OPTIMIZATION_LEVEL = 0;
				GCC_PREPROCESSOR_DEFINITIONS = (
					"DEBUG=1",
					"$(inherited)",
				);
				GCC_WARN_64_TO_32_BIT_CONVERSION = YES;
				GCC_WARN_ABOUT_RETURN_TYPE = YES_ERROR;
				GCC_WARN_UNDECLARED_SELECTOR = YES;
				GCC_WARN_UNINITIALIZED_AUTOS = YES_AGGRESSIVE;
				GCC_WARN_UNUSED_FUNCTION = YES;
				GCC_WARN_UNUSED_VARIABLE = YES;
				IPHONEOS_DEPLOYMENT_TARGET = 16.4;
				MTL_ENABLE_DEBUG_INFO = INCLUDE_SOURCE;
				MTL_FAST_MATH = YES;
				ONLY_ACTIVE_ARCH = YES;
				SDKROOT = iphoneos;
				SWIFT_ACTIVE_COMPILATION_CONDITIONS = DEBUG;
				SWIFT_OPTIMIZATION_LEVEL = "-Onone";
			};
			name = Debug;
		};
		F78132A02A78BF2700F77430 /* Release */ = {
			isa = XCBuildConfiguration;
			buildSettings = {
				ALWAYS_SEARCH_USER_PATHS = NO;
				CLANG_ANALYZER_NONNULL = YES;
				CLANG_ANALYZER_NUMBER_OBJECT_CONVERSION = YES_AGGRESSIVE;
				CLANG_CXX_LANGUAGE_STANDARD = "gnu++20";
				CLANG_ENABLE_MODULES = YES;
				CLANG_ENABLE_OBJC_ARC = YES;
				CLANG_ENABLE_OBJC_WEAK = YES;
				CLANG_WARN_BLOCK_CAPTURE_AUTORELEASING = YES;
				CLANG_WARN_BOOL_CONVERSION = YES;
				CLANG_WARN_COMMA = YES;
				CLANG_WARN_CONSTANT_CONVERSION = YES;
				CLANG_WARN_DEPRECATED_OBJC_IMPLEMENTATIONS = YES;
				CLANG_WARN_DIRECT_OBJC_ISA_USAGE = YES_ERROR;
				CLANG_WARN_DOCUMENTATION_COMMENTS = YES;
				CLANG_WARN_EMPTY_BODY = YES;
				CLANG_WARN_ENUM_CONVERSION = YES;
				CLANG_WARN_INFINITE_RECURSION = YES;
				CLANG_WARN_INT_CONVERSION = YES;
				CLANG_WARN_NON_LITERAL_NULL_CONVERSION = YES;
				CLANG_WARN_OBJC_IMPLICIT_RETAIN_SELF = YES;
				CLANG_WARN_OBJC_LITERAL_CONVERSION = YES;
				CLANG_WARN_OBJC_ROOT_CLASS = YES_ERROR;
				CLANG_WARN_QUOTED_INCLUDE_IN_FRAMEWORK_HEADER = YES;
				CLANG_WARN_RANGE_LOOP_ANALYSIS = YES;
				CLANG_WARN_STRICT_PROTOTYPES = YES;
				CLANG_WARN_SUSPICIOUS_MOVE = YES;
				CLANG_WARN_UNGUARDED_AVAILABILITY = YES_AGGRESSIVE;
				CLANG_WARN_UNREACHABLE_CODE = YES;
				CLANG_WARN__DUPLICATE_METHOD_MATCH = YES;
				COPY_PHASE_STRIP = NO;
				DEBUG_INFORMATION_FORMAT = "dwarf-with-dsym";
				ENABLE_NS_ASSERTIONS = NO;
				ENABLE_STRICT_OBJC_MSGSEND = YES;
				GCC_C_LANGUAGE_STANDARD = gnu11;
				GCC_NO_COMMON_BLOCKS = YES;
				GCC_WARN_64_TO_32_BIT_CONVERSION = YES;
				GCC_WARN_ABOUT_RETURN_TYPE = YES_ERROR;
				GCC_WARN_UNDECLARED_SELECTOR = YES;
				GCC_WARN_UNINITIALIZED_AUTOS = YES_AGGRESSIVE;
				GCC_WARN_UNUSED_FUNCTION = YES;
				GCC_WARN_UNUSED_VARIABLE = YES;
				IPHONEOS_DEPLOYMENT_TARGET = 16.4;
				MTL_ENABLE_DEBUG_INFO = NO;
				MTL_FAST_MATH = YES;
				SDKROOT = iphoneos;
				SWIFT_COMPILATION_MODE = wholemodule;
				SWIFT_OPTIMIZATION_LEVEL = "-O";
				VALIDATE_PRODUCT = YES;
			};
			name = Release;
		};
		F78132A22A78BF2700F77430 /* Debug */ = {
			isa = XCBuildConfiguration;
			buildSettings = {
				ASSETCATALOG_COMPILER_APPICON_NAME = AppIcon;
				ASSETCATALOG_COMPILER_GLOBAL_ACCENT_COLOR_NAME = AccentColor;
				CODE_SIGN_STYLE = Automatic;
				CURRENT_PROJECT_VERSION = 1;
				DEVELOPMENT_ASSET_PATHS = "\"ViewLurker/Preview Content\"";
				ENABLE_PREVIEWS = YES;
				GENERATE_INFOPLIST_FILE = YES;
				INFOPLIST_KEY_UIApplicationSceneManifest_Generation = YES;
				INFOPLIST_KEY_UIApplicationSupportsIndirectInputEvents = YES;
				INFOPLIST_KEY_UILaunchScreen_Generation = YES;
				INFOPLIST_KEY_UISupportedInterfaceOrientations_iPad = "UIInterfaceOrientationPortrait UIInterfaceOrientationPortraitUpsideDown UIInterfaceOrientationLandscapeLeft UIInterfaceOrientationLandscapeRight";
				INFOPLIST_KEY_UISupportedInterfaceOrientations_iPhone = "UIInterfaceOrientationPortrait UIInterfaceOrientationLandscapeLeft UIInterfaceOrientationLandscapeRight";
				LD_RUNPATH_SEARCH_PATHS = (
					"$(inherited)",
					"@executable_path/Frameworks",
				);
				MARKETING_VERSION = 1.0;
				PRODUCT_BUNDLE_IDENTIFIER = vn.edu.rmit.ViewLurker;
				PRODUCT_NAME = "$(TARGET_NAME)";
				SWIFT_EMIT_LOC_STRINGS = YES;
				SWIFT_VERSION = 5.0;
				TARGETED_DEVICE_FAMILY = "1,2";
			};
			name = Debug;
		};
		F78132A32A78BF2700F77430 /* Release */ = {
			isa = XCBuildConfiguration;
			buildSettings = {
				ASSETCATALOG_COMPILER_APPICON_NAME = AppIcon;
				ASSETCATALOG_COMPILER_GLOBAL_ACCENT_COLOR_NAME = AccentColor;
				CODE_SIGN_STYLE = Automatic;
				CURRENT_PROJECT_VERSION = 1;
				DEVELOPMENT_ASSET_PATHS = "\"ViewLurker/Preview Content\"";
				ENABLE_PREVIEWS = YES;
				GENERATE_INFOPLIST_FILE = YES;
				INFOPLIST_KEY_UIApplicationSceneManifest_Generation = YES;
				INFOPLIST_KEY_UIApplicationSupportsIndirectInputEvents = YES;
				INFOPLIST_KEY_UILaunchScreen_Generation = YES;
				INFOPLIST_KEY_UISupportedInterfaceOrientations_iPad = "UIInterfaceOrientationPortrait UIInterfaceOrientationPortraitUpsideDown UIInterfaceOrientationLandscapeLeft UIInterfaceOrientationLandscapeRight";
				INFOPLIST_KEY_UISupportedInterfaceOrientations_iPhone = "UIInterfaceOrientationPortrait UIInterfaceOrientationLandscapeLeft UIInterfaceOrientationLandscapeRight";
				LD_RUNPATH_SEARCH_PATHS = (
					"$(inherited)",
					"@executable_path/Frameworks",
				);
				MARKETING_VERSION = 1.0;
				PRODUCT_BUNDLE_IDENTIFIER = vn.edu.rmit.ViewLurker;
				PRODUCT_NAME = "$(TARGET_NAME)";
				SWIFT_EMIT_LOC_STRINGS = YES;
				SWIFT_VERSION = 5.0;
				TARGETED_DEVICE_FAMILY = "1,2";
			};
			name = Release;
		};
		F78132A52A78BF2700F77430 /* Debug */ = {
			isa = XCBuildConfiguration;
			buildSettings = {
				ALWAYS_EMBED_SWIFT_STANDARD_LIBRARIES = YES;
				BUNDLE_LOADER = "$(TEST_HOST)";
				CODE_SIGN_STYLE = Automatic;
				CURRENT_PROJECT_VERSION = 1;
				GENERATE_INFOPLIST_FILE = YES;
				IPHONEOS_DEPLOYMENT_TARGET = 16.4;
				MARKETING_VERSION = 1.0;
				PRODUCT_BUNDLE_IDENTIFIER = vn.edu.rmit.ViewLurkerTests;
				PRODUCT_NAME = "$(TARGET_NAME)";
				SWIFT_EMIT_LOC_STRINGS = NO;
				SWIFT_VERSION = 5.0;
				TARGETED_DEVICE_FAMILY = "1,2";
				TEST_HOST = "$(BUILT_PRODUCTS_DIR)/ViewLurker.app/$(BUNDLE_EXECUTABLE_FOLDER_PATH)/ViewLurker";
			};
			name = Debug;
		};
		F78132A62A78BF2700F77430 /* Release */ = {
			isa = XCBuildConfiguration;
			buildSettings = {
				ALWAYS_EMBED_SWIFT_STANDARD_LIBRARIES = YES;
				BUNDLE_LOADER = "$(TEST_HOST)";
				CODE_SIGN_STYLE = Automatic;
				CURRENT_PROJECT_VERSION = 1;
				GENERATE_INFOPLIST_FILE = YES;
				IPHONEOS_DEPLOYMENT_TARGET = 16.4;
				MARKETING_VERSION = 1.0;
				PRODUCT_BUNDLE_IDENTIFIER = vn.edu.rmit.ViewLurkerTests;
				PRODUCT_NAME = "$(TARGET_NAME)";
				SWIFT_EMIT_LOC_STRINGS = NO;
				SWIFT_VERSION = 5.0;
				TARGETED_DEVICE_FAMILY = "1,2";
				TEST_HOST = "$(BUILT_PRODUCTS_DIR)/ViewLurker.app/$(BUNDLE_EXECUTABLE_FOLDER_PATH)/ViewLurker";
			};
			name = Release;
		};
		F78132A82A78BF2700F77430 /* Debug */ = {
			isa = XCBuildConfiguration;
			buildSettings = {
				ALWAYS_EMBED_SWIFT_STANDARD_LIBRARIES = YES;
				CODE_SIGN_STYLE = Automatic;
				CURRENT_PROJECT_VERSION = 1;
				GENERATE_INFOPLIST_FILE = YES;
				MARKETING_VERSION = 1.0;
				PRODUCT_BUNDLE_IDENTIFIER = vn.edu.rmit.ViewLurkerUITests;
				PRODUCT_NAME = "$(TARGET_NAME)";
				SWIFT_EMIT_LOC_STRINGS = NO;
				SWIFT_VERSION = 5.0;
				TARGETED_DEVICE_FAMILY = "1,2";
				TEST_TARGET_NAME = ViewLurker;
			};
			name = Debug;
		};
		F78132A92A78BF2700F77430 /* Release */ = {
			isa = XCBuildConfiguration;
			buildSettings = {
				ALWAYS_EMBED_SWIFT_STANDARD_LIBRARIES = YES;
				CODE_SIGN_STYLE = Automatic;
				CURRENT_PROJECT_VERSION = 1;
				GENERATE_INFOPLIST_FILE = YES;
				MARKETING_VERSION = 1.0;
				PRODUCT_BUNDLE_IDENTIFIER = vn.edu.rmit.ViewLurkerUITests;
				PRODUCT_NAME = "$(TARGET_NAME)";
				SWIFT_EMIT_LOC_STRINGS = NO;
				SWIFT_VERSION = 5.0;
				TARGETED_DEVICE_FAMILY = "1,2";
				TEST_TARGET_NAME = ViewLurker;
			};
			name = Release;
		};
/* End XCBuildConfiguration section */

/* Begin XCConfigurationList section */
		F78132782A78BF2000F77430 /* Build configuration list for PBXProject "ViewLurker" */ = {
			isa = XCConfigurationList;
			buildConfigurations = (
				F781329F2A78BF2700F77430 /* Debug */,
				F78132A02A78BF2700F77430 /* Release */,
			);
			defaultConfigurationIsVisible = 0;
			defaultConfigurationName = Release;
		};
		F78132A12A78BF2700F77430 /* Build configuration list for PBXNativeTarget "ViewLurker" */ = {
			isa = XCConfigurationList;
			buildConfigurations = (
				F78132A22A78BF2700F77430 /* Debug */,
				F78132A32A78BF2700F77430 /* Release */,
			);
			defaultConfigurationIsVisible = 0;
			defaultConfigurationName = Release;
		};
		F78132A42A78BF2700F77430 /* Build configuration list for PBXNativeTarget "ViewLurkerTests" */ = {
			isa = XCConfigurationList;
			buildConfigurations = (
				F78132A52A78BF2700F77430 /* Debug */,
				F78132A62A78BF2700F77430 /* Release */,
			);
			defaultConfigurationIsVisible = 0;
			defaultConfigurationName = Release;
		};
		F78132A72A78BF2700F77430 /* Build configuration list for PBXNativeTarget "ViewLurkerUITests" */ = {
			isa = XCConfigurationList;
			buildConfigurations = (
				F78132A82A78BF2700F77430 /* Debug */,
				F78132A92A78BF2700F77430 /* Release */,
			);
			defaultConfigurationIsVisible = 0;
			defaultConfigurationName = Release;
		};
/* End XCConfigurationList section */
	};
	rootObject = F78132752A78BF2000F77430 /* Project object */;
}
